
Microsoft Visual Studio Solution File, Format Version 12.00
# Visual Studio Version 16
VisualStudioVersion = 16.0.31410.357
MinimumVisualStudioVersion = 10.0.40219.1
Project("{9A19103F-16F7-4668-BE54-9A1E7A4F7556}") = "Repository", "Repository\Repository.csproj", "{A99D9E12-E46B-4526-AA5B-63F957DD9549}"
EndProject
Project("{9A19103F-16F7-4668-BE54-9A1E7A4F7556}") = "Service", "Service\Service.csproj", "{CE48D470-D6C0-4B51-A9B2-F7F0A8D9F006}"
EndProject
Project("{9A19103F-16F7-4668-BE54-9A1E7A4F7556}") = "Common", "Common\Common.csproj", "{1426E980-E2F2-455C-8847-7F566B32FE67}"
EndProject
Project("{9A19103F-16F7-4668-BE54-9A1E7A4F7556}") = "WebApplication", "WebApplication\WebApplication.csproj", "{4BBF6B17-67EA-465E-9255-1E601EA387E7}"
EndProject
Project("{FAE04EC0-301F-11D3-BF4B-00C04F79EFBC}") = "aaa", "aaa\aaa.csproj", "{780D3F73-D5C8-45BB-B2C2-C8E1F6531F25}"
EndProject
Global
	GlobalSection(SolutionConfigurationPlatforms) = preSolution
		Debug|Any CPU = Debug|Any CPU
		Release|Any CPU = Release|Any CPU
	EndGlobalSection
	GlobalSection(ProjectConfigurationPlatforms) = postSolution
		{A99D9E12-E46B-4526-AA5B-63F957DD9549}.Debug|Any CPU.ActiveCfg = Debug|Any CPU
		{A99D9E12-E46B-4526-AA5B-63F957DD9549}.Debug|Any CPU.Build.0 = Debug|Any CPU
		{A99D9E12-E46B-4526-AA5B-63F957DD9549}.Release|Any CPU.ActiveCfg = Release|Any CPU
		{A99D9E12-E46B-4526-AA5B-63F957DD9549}.Release|Any CPU.Build.0 = Release|Any CPU
		{CE48D470-D6C0-4B51-A9B2-F7F0A8D9F006}.Debug|Any CPU.ActiveCfg = Debug|Any CPU
		{CE48D470-D6C0-4B51-A9B2-F7F0A8D9F006}.Debug|Any CPU.Build.0 = Debug|Any CPU
		{CE48D470-D6C0-4B51-A9B2-F7F0A8D9F006}.Release|Any CPU.ActiveCfg = Release|Any CPU
		{CE48D470-D6C0-4B51-A9B2-F7F0A8D9F006}.Release|Any CPU.Build.0 = Release|Any CPU
		{1426E980-E2F2-455C-8847-7F566B32FE67}.Debug|Any CPU.ActiveCfg = Debug|Any CPU
		{1426E980-E2F2-455C-8847-7F566B32FE67}.Debug|Any CPU.Build.0 = Debug|Any CPU
		{1426E980-E2F2-455C-8847-7F566B32FE67}.Release|Any CPU.ActiveCfg = Release|Any CPU
		{1426E980-E2F2-455C-8847-7F566B32FE67}.Release|Any CPU.Build.0 = Release|Any CPU
		{4BBF6B17-67EA-465E-9255-1E601EA387E7}.Debug|Any CPU.ActiveCfg = Debug|Any CPU
		{4BBF6B17-67EA-465E-9255-1E601EA387E7}.Debug|Any CPU.Build.0 = Debug|Any CPU
		{4BBF6B17-67EA-465E-9255-1E601EA387E7}.Release|Any CPU.ActiveCfg = Release|Any CPU
		{4BBF6B17-67EA-465E-9255-1E601EA387E7}.Release|Any CPU.Build.0 = Release|Any CPU
		{780D3F73-D5C8-45BB-B2C2-C8E1F6531F25}.Debug|Any CPU.ActiveCfg = Debug|Any CPU
		{780D3F73-D5C8-45BB-B2C2-C8E1F6531F25}.Debug|Any CPU.Build.0 = Debug|Any CPU
		{780D3F73-D5C8-45BB-B2C2-C8E1F6531F25}.Release|Any CPU.ActiveCfg = Release|Any CPU
		{780D3F73-D5C8-45BB-B2C2-C8E1F6531F25}.Release|Any CPU.Build.0 = Release|Any CPU
	EndGlobalSection
	GlobalSection(SolutionProperties) = preSolution
		HideSolutionNode = FALSE
	EndGlobalSection
	GlobalSection(ExtensibilityGlobals) = postSolution
		SolutionGuid = {16748450-EB0A-4756-A97F-6BF511871FD9}
	EndGlobalSection
EndGlobal
